
Microsoft Visual Studio Solution File, Format Version 12.00
# Visual Studio Version 17
VisualStudioVersion = 17.14.36221.1 d17.14
MinimumVisualStudioVersion = 10.0.40219.1
Project("{FAE04EC0-301F-11D3-BF4B-00C04F79EFBC}") = "UserMenu", "UserMenu\UserMenu.csproj", "{165F5126-3BEE-4DAD-A9F3-FC41FFDADA4C}"
EndProject
Global
	GlobalSection(SolutionConfigurationPlatforms) = preSolution
		Debug|Any CPU = Debug|Any CPU
		Release|Any CPU = Release|Any CPU
	EndGlobalSection
	GlobalSection(ProjectConfigurationPlatforms) = postSolution
		{165F5126-3BEE-4DAD-A9F3-FC41FFDADA4C}.Debug|Any CPU.ActiveCfg = Debug|Any CPU
		{165F5126-3BEE-4DAD-A9F3-FC41FFDADA4C}.Debug|Any CPU.Build.0 = Debug|Any CPU
		{165F5126-3BEE-4DAD-A9F3-FC41FFDADA4C}.Release|Any CPU.ActiveCfg = Release|Any CPU
		{165F5126-3BEE-4DAD-A9F3-FC41FFDADA4C}.Release|Any CPU.Build.0 = Release|Any CPU
	EndGlobalSection
	GlobalSection(SolutionProperties) = preSolution
		HideSolutionNode = FALSE
	EndGlobalSection
	GlobalSection(ExtensibilityGlobals) = postSolution
		SolutionGuid = {243C95A9-FF0B-4748-98AB-A485740570F7}
	EndGlobalSection
EndGlobal
